
Microsoft Visual Studio Solution File, Format Version 12.00
# Visual Studio Version 17
VisualStudioVersion = 17.13.35806.99 d17.13
MinimumVisualStudioVersion = 10.0.40219.1
Project("{FAE04EC0-301F-11D3-BF4B-00C04F79EFBC}") = "ShreeHandloomInvoice", "ShreeHandloomInvoice\ShreeHandloomInvoice.csproj", "{16BFCAB8-8B56-4C68-A1A5-129A4E3D95A3}"
EndProject
Global
	GlobalSection(SolutionConfigurationPlatforms) = preSolution
		Debug|Any CPU = Debug|Any CPU
		Release|Any CPU = Release|Any CPU
	EndGlobalSection
	GlobalSection(ProjectConfigurationPlatforms) = postSolution
		{16BFCAB8-8B56-4C68-A1A5-129A4E3D95A3}.Debug|Any CPU.ActiveCfg = Debug|Any CPU
		{16BFCAB8-8B56-4C68-A1A5-129A4E3D95A3}.Debug|Any CPU.Build.0 = Debug|Any CPU
		{16BFCAB8-8B56-4C68-A1A5-129A4E3D95A3}.Release|Any CPU.ActiveCfg = Release|Any CPU
		{16BFCAB8-8B56-4C68-A1A5-129A4E3D95A3}.Release|Any CPU.Build.0 = Release|Any CPU
	EndGlobalSection
	GlobalSection(SolutionProperties) = preSolution
		HideSolutionNode = FALSE
	EndGlobalSection
	GlobalSection(ExtensibilityGlobals) = postSolution
		SolutionGuid = {8421E954-BE00-4E2A-8186-8F4F069FD50D}
	EndGlobalSection
EndGlobal
